{
  "name": "webagentmate",
  "version": "0.1.1",
  "lockfileVersion": 1,
  "requires": true,
  "dependencies": {
    "@ant-design/colors": {
      "version": "7.2.1",
      "resolved": "https://registry.npmmirror.com/@ant-design/colors/-/colors-7.2.1.tgz",
      "integrity": "sha512-lCHDcEzieu4GA3n8ELeZ5VQ8pKQAWcGGLRTQ50aQM2iqPpq2evTxER84jfdPvsPAtEcZ7m44NI45edFMo8oOYQ==",
      "requires": {
        "@ant-design/fast-color": "^2.0.6"
      }
    },
    "@ant-design/cssinjs": {
      "version": "1.24.0",
      "resolved": "https://registry.npmmirror.com/@ant-design/cssinjs/-/cssinjs-1.24.0.tgz",
      "integrity": "sha512-K4cYrJBsgvL+IoozUXYjbT6LHHNt+19a9zkvpBPxLjFHas1UpPM2A5MlhROb0BT8N8WoavM5VsP9MeSeNK/3mg==",
      "requires": {
        "@babel/runtime": "^7.11.1",
        "@emotion/hash": "^0.8.0",
        "@emotion/unitless": "^0.7.5",
        "classnames": "^2.3.1",
        "csstype": "^3.1.3",
        "rc-util": "^5.35.0",
        "stylis": "^4.3.4"
      }
    },
    "@ant-design/cssinjs-utils": {
      "version": "1.1.3",
      "resolved": "https://registry.npmmirror.com/@ant-design/cssinjs-utils/-/cssinjs-utils-1.1.3.tgz",
      "integrity": "sha512-nOoQMLW1l+xR1Co8NFVYiP8pZp3VjIIzqV6D6ShYF2ljtdwWJn5WSsH+7kvCktXL/yhEtWURKOfH5Xz/gzlwsg==",
      "requires": {
        "@ant-design/cssinjs": "^1.21.0",
        "@babel/runtime": "^7.23.2",
        "rc-util": "^5.38.0"
      }
    },
    "@ant-design/fast-color": {
      "version": "2.0.6",
      "resolved": "https://registry.npmmirror.com/@ant-design/fast-color/-/fast-color-2.0.6.tgz",
      "integrity": "sha512-y2217gk4NqL35giHl72o6Zzqji9O7vHh9YmhUVkPtAOpoTCH4uWxo/pr4VE8t0+ChEPs0qo4eJRC5Q1eXWo3vA==",
      "requires": {
        "@babel/runtime": "^7.24.7"
      }
    },
    "@ant-design/icons": {
      "version": "5.6.1",
      "resolved": "https://registry.npmmirror.com/@ant-design/icons/-/icons-5.6.1.tgz",
      "integrity": "sha512-0/xS39c91WjPAZOWsvi1//zjx6kAp4kxWwctR6kuU6p133w8RU0D2dSCvZC19uQyharg/sAvYxGYWl01BbZZfg==",
      "requires": {
        "@ant-design/colors": "^7.0.0",
        "@ant-design/icons-svg": "^4.4.0",
        "@babel/runtime": "^7.24.8",
        "classnames": "^2.2.6",
        "rc-util": "^5.31.1"
      }
    },
    "@ant-design/icons-svg": {
      "version": "4.6.0",
      "resolved": "https://registry.npmmirror.com/@ant-design/icons-svg/-/icons-svg-4.6.0.tgz",
      "integrity": "sha512-PRomU725ABMf/lnQp5HiB7my1kjEbFY0D10N4lXYxK6TIB1gKjIVD5MRThpDaezLgw1D774J8eOeeDB0M6wHrQ=="
    },
    "@ant-design/react-slick": {
      "version": "1.1.2",
      "resolved": "https://registry.npmmirror.com/@ant-design/react-slick/-/react-slick-1.1.2.tgz",
      "integrity": "sha512-EzlvzE6xQUBrZuuhSAFTdsr4P2bBBHGZwKFemEfq8gIGyIQCxalYfZW/T2ORbtQx5rU69o+WycP3exY/7T1hGA==",
      "requires": {
        "@babel/runtime": "^7.10.4",
        "classnames": "^2.2.5",
        "json2mq": "^0.2.0",
        "resize-observer-polyfill": "^1.5.1",
        "throttle-debounce": "^5.0.0"
      }
    },
    "@babel/runtime": {
      "version": "7.29.7",
      "resolved": "https://registry.npmmirror.com/@babel/runtime/-/runtime-7.29.7.tgz",
      "integrity": "sha512-Nq8OhGWiZIZGV6hLHoyAKLLcJihP/xFeBMGJoUrxTX2psI8dCifzLhZISFb+VWS3wFMRDmCGw5R+dOySCqPLhw=="
    },
    "@emotion/hash": {
      "version": "0.8.0",
      "resolved": "https://registry.npmmirror.com/@emotion/hash/-/hash-0.8.0.tgz",
      "integrity": "sha512-kBJtf7PH6aWwZ6fka3zQ0p6SBYzx4fl1LoZXE2RrnYST9Xljm7WfKJrU4g/Xr3Beg72MLrp1AWNUmuYJTL7Cow=="
    },
    "@emotion/unitless": {
      "version": "0.7.5",
      "resolved": "https://registry.npmmirror.com/@emotion/unitless/-/unitless-0.7.5.tgz",
      "integrity": "sha512-OWORNpfjMsSSUBVrRBVGECkhWcULOAJz9ZW8uK9qgxD+87M7jHRcvh/A96XXNhXTLmKcoYSQtBEX7lHMO7YRwg=="
    },
    "@esbuild/linux-loong64": {
      "version": "0.14.54",
      "resolved": "https://registry.npmmirror.com/@esbuild/linux-loong64/-/linux-loong64-0.14.54.tgz",
      "integrity": "sha512-bZBrLAIX1kpWelV0XemxBZllyRmM6vgFQQG2GdNb+r3Fkp0FOh1NJSvekXDs7jq70k4euu1cryLMfU+mTXlEpw==",
      "dev": true,
      "optional": true
    },
    "@rc-component/async-validator": {
      "version": "5.1.2",
      "resolved": "https://registry.npmmirror.com/@rc-component/async-validator/-/async-validator-5.1.2.tgz",
      "integrity": "sha512-WYbrZSjzznU1ekD0qFq2qRxt309VoS61MTG5npnFQlKYcoy9IzU8T+ZCIhq5bGAXRbXysABFWTspicMfmWFwow==",
      "requires": {
        "@babel/runtime": "^7.24.4"
      }
    },
    "@rc-component/color-picker": {
      "version": "2.0.1",
      "resolved": "https://registry.npmmirror.com/@rc-component/color-picker/-/color-picker-2.0.1.tgz",
      "integrity": "sha512-WcZYwAThV/b2GISQ8F+7650r5ZZJ043E57aVBFkQ+kSY4C6wdofXgB0hBx+GPGpIU0Z81eETNoDUJMr7oy/P8Q==",
      "requires": {
        "@ant-design/fast-color": "^2.0.6",
        "@babel/runtime": "^7.23.6",
        "classnames": "^2.2.6",
        "rc-util": "^5.38.1"
      }
    },
    "@rc-component/context": {
      "version": "1.4.0",
      "resolved": "https://registry.npmmirror.com/@rc-component/context/-/context-1.4.0.tgz",
      "integrity": "sha512-kFcNxg9oLRMoL3qki0OMxK+7g5mypjgaaJp/pkOis/6rVxma9nJBF/8kCIuTYHUQNr0ii7MxqE33wirPZLJQ2w==",
      "requires": {
        "@babel/runtime": "^7.10.1",
        "rc-util": "^5.27.0"
      }
    },
    "@rc-component/mini-decimal": {
      "version": "1.1.4",
      "resolved": "https://registry.npmmirror.com/@rc-component/mini-decimal/-/mini-decimal-1.1.4.tgz",
      "integrity": "sha512-xiuXcaCwyOWpD8a8scdExFl+bntNphAW8XeenL1ig2en0AAZY0Pcp4pC0dI22qJ+NvxKn9RoNIoRdqYU3BLH4w==",
      "requires": {
        "@babel/runtime": "^7.18.0"
      }
    },
    "@rc-component/mutate-observer": {
      "version": "1.1.0",
      "resolved": "https://registry.npmmirror.com/@rc-component/mutate-observer/-/mutate-observer-1.1.0.tgz",
      "integrity": "sha512-QjrOsDXQusNwGZPf4/qRQasg7UFEj06XiCJ8iuiq/Io7CrHrgVi6Uuetw60WAMG1799v+aM8kyc+1L/GBbHSlw==",
      "requires": {
        "@babel/runtime": "^7.18.0",
        "classnames": "^2.3.2",
        "rc-util": "^5.24.4"
      }
    },
    "@rc-component/portal": {
      "version": "1.1.2",
      "resolved": "https://registry.npmmirror.com/@rc-component/portal/-/portal-1.1.2.tgz",
      "integrity": "sha512-6f813C0IsasTZms08kfA8kPAGxbbkYToa8ALaiDIGGECU4i9hj8Plgbx0sNJDrey3EtHO30hmdaxtT0138xZcg==",
      "requires": {
        "@babel/runtime": "^7.18.0",
        "classnames": "^2.3.2",
        "rc-util": "^5.24.4"
      }
    },
    "@rc-component/qrcode": {
      "version": "1.0.1",
      "resolved": "https://registry.npmmirror.com/@rc-component/qrcode/-/qrcode-1.0.1.tgz",
      "integrity": "sha512-g8eeeaMyFXVlq8cZUeaxCDhfIYjpao0l9cvm5gFwKXy/Vm1yDWV7h2sjH5jHYzdFedlVKBpATFB1VKMrHzwaWQ==",
      "requires": {
        "@babel/runtime": "^7.24.7",
        "classnames": "^2.3.2"
      }
    },
    "@rc-component/tour": {
      "version": "1.15.1",
      "resolved": "https://registry.npmmirror.com/@rc-component/tour/-/tour-1.15.1.tgz",
      "integrity": "sha512-Tr2t7J1DKZUpfJuDZWHxyxWpfmj8EZrqSgyMZ+BCdvKZ6r1UDsfU46M/iWAAFBy961Ssfom2kv5f3UcjIL2CmQ==",
      "requires": {
        "@babel/runtime": "^7.18.0",
        "@rc-component/portal": "^1.0.0-9",
        "@rc-component/trigger": "^2.0.0",
        "classnames": "^2.3.2",
        "rc-util": "^5.24.4"
      }
    },
    "@rc-component/trigger": {
      "version": "2.3.1",
      "resolved": "https://registry.npmmirror.com/@rc-component/trigger/-/trigger-2.3.1.tgz",
      "integrity": "sha512-ORENF39PeXTzM+gQEshuk460Z8N4+6DkjpxlpE7Q3gYy1iBpLrx0FOJz3h62ryrJZ/3zCAUIkT1Pb/8hHWpb3A==",
      "requires": {
        "@babel/runtime": "^7.23.2",
        "@rc-component/portal": "^1.1.0",
        "classnames": "^2.3.2",
        "rc-motion": "^2.0.0",
        "rc-resize-observer": "^1.3.1",
        "rc-util": "^5.44.0"
      }
    },
    "@types/chrome": {
      "version": "0.0.246",
      "resolved": "https://registry.npmmirror.com/@types/chrome/-/chrome-0.0.246.tgz",
      "integrity": "sha512-MxGxEomGxsJiL9xe/7ZwVgwdn8XVKWbPvxpVQl3nWOjrS0Ce63JsfzxUc4aU3GvRcUPYsfufHmJ17BFyKxeA4g==",
      "dev": true,
      "requires": {
        "@types/filesystem": "*",
        "@types/har-format": "*"
      }
    },
    "@types/filesystem": {
      "version": "0.0.36",
      "resolved": "https://registry.npmmirror.com/@types/filesystem/-/filesystem-0.0.36.tgz",
      "integrity": "sha512-vPDXOZuannb9FZdxgHnqSwAG/jvdGM8Wq+6N4D/d80z+D4HWH+bItqsZaVRQykAn6WEVeEkLm2oQigyHtgb0RA==",
      "dev": true,
      "requires": {
        "@types/filewriter": "*"
      }
    },
    "@types/filewriter": {
      "version": "0.0.33",
      "resolved": "https://registry.npmmirror.com/@types/filewriter/-/filewriter-0.0.33.tgz",
      "integrity": "sha512-xFU8ZXTw4gd358lb2jw25nxY9QAgqn2+bKKjKOYfNCzN4DKCFetK7sPtrlpg66Ywe3vWY9FNxprZawAh9wfJ3g==",
      "dev": true
    },
    "@types/har-format": {
      "version": "1.2.16",
      "resolved": "https://registry.npmmirror.com/@types/har-format/-/har-format-1.2.16.tgz",
      "integrity": "sha512-fluxdy7ryD3MV6h8pTfTYpy/xQzCFC7m89nOH9y94cNqJ1mDIDPut7MnRHI3F6qRmh/cT2fUjG1MLdCNb4hE9A==",
      "dev": true
    },
    "@types/node": {
      "version": "14.18.63",
      "resolved": "https://registry.npmmirror.com/@types/node/-/node-14.18.63.tgz",
      "integrity": "sha512-fAtCfv4jJg+ExtXhvCkCqUKZ+4ok/JQk01qDKhL5BDDoS3AxKXhV5/MAVUZyQnSEd2GT92fkgZl0pz0Q0AzcIQ==",
      "dev": true
    },
    "@types/prop-types": {
      "version": "15.7.15",
      "resolved": "https://registry.npmmirror.com/@types/prop-types/-/prop-types-15.7.15.tgz",
      "integrity": "sha512-F6bEyamV9jKGAFBEmlQnesRPGOQqS2+Uwi0Em15xenOxHaf2hv6L8YCVn3rPdPJOiJfPiCnLIRyvwVaqMY3MIw==",
      "dev": true
    },
    "@types/react": {
      "version": "18.3.12",
      "resolved": "https://registry.npmmirror.com/@types/react/-/react-18.3.12.tgz",
      "integrity": "sha512-D2wOSq/d6Agt28q7rSI3jhU7G6aiuzljDGZ2hTZHIkrTLUI+AF3WMeKkEZ9nN2fkBAlcktT6vcZjDFiIhMYEQw==",
      "dev": true,
      "requires": {
        "@types/prop-types": "*",
        "csstype": "^3.0.2"
      }
    },
    "@types/react-dom": {
      "version": "18.3.1",
      "resolved": "https://registry.npmmirror.com/@types/react-dom/-/react-dom-18.3.1.tgz",
      "integrity": "sha512-qW1Mfv8taImTthu4KoXgDfLuk4bydU6Q/TkADnDWWHwi4NX4BR+LWfTp2sVmTqRrsHvyDDTelgelxJ+SsejKKQ==",
      "dev": true,
      "requires": {
        "@types/react": "*"
      }
    },
    "antd": {
      "version": "5.27.3",
      "resolved": "https://registry.npmmirror.com/antd/-/antd-5.27.3.tgz",
      "integrity": "sha512-Jewp1ek1iyqoAyjWyPgzc2kioZ+7S3jh39a+tld/j4ucnuf/cBk4omfyIdhLz49pVNsaEcRp5LtJOSQPFwPgpA==",
      "requires": {
        "@ant-design/colors": "^7.2.1",
        "@ant-design/cssinjs": "^1.23.0",
        "@ant-design/cssinjs-utils": "^1.1.3",
        "@ant-design/fast-color": "^2.0.6",
        "@ant-design/icons": "^5.6.1",
        "@ant-design/react-slick": "~1.1.2",
        "@babel/runtime": "^7.26.0",
        "@rc-component/color-picker": "~2.0.1",
        "@rc-component/mutate-observer": "^1.1.0",
        "@rc-component/qrcode": "~1.0.0",
        "@rc-component/tour": "~1.15.1",
        "@rc-component/trigger": "^2.3.0",
        "classnames": "^2.5.1",
        "copy-to-clipboard": "^3.3.3",
        "dayjs": "^1.11.11",
        "rc-cascader": "~3.34.0",
        "rc-checkbox": "~3.5.0",
        "rc-collapse": "~3.9.0",
        "rc-dialog": "~9.6.0",
        "rc-drawer": "~7.3.0",
        "rc-dropdown": "~4.2.1",
        "rc-field-form": "~2.7.0",
        "rc-image": "~7.12.0",
        "rc-input": "~1.8.0",
        "rc-input-number": "~9.5.0",
        "rc-mentions": "~2.20.0",
        "rc-menu": "~9.16.1",
        "rc-motion": "^2.9.5",
        "rc-notification": "~5.6.4",
        "rc-pagination": "~5.1.0",
        "rc-picker": "~4.11.3",
        "rc-progress": "~4.0.0",
        "rc-rate": "~2.13.1",
        "rc-resize-observer": "^1.4.3",
        "rc-segmented": "~2.7.0",
        "rc-select": "~14.16.8",
        "rc-slider": "~11.1.8",
        "rc-steps": "~6.0.1",
        "rc-switch": "~4.1.0",
        "rc-table": "~7.52.6",
        "rc-tabs": "~15.7.0",
        "rc-textarea": "~1.10.2",
        "rc-tooltip": "~6.4.0",
        "rc-tree": "~5.13.1",
        "rc-tree-select": "~5.27.0",
        "rc-upload": "~4.9.2",
        "rc-util": "^5.44.4",
        "scroll-into-view-if-needed": "^3.1.0",
        "throttle-debounce": "^5.0.2"
      }
    },
    "classnames": {
      "version": "2.5.1",
      "resolved": "https://registry.npmmirror.com/classnames/-/classnames-2.5.1.tgz",
      "integrity": "sha512-saHYOzhIQs6wy2sVxTM6bUDsQO4F50V9RQ22qBpEdCW+I+/Wmke2HOl6lS6dTpdxVhb88/I6+Hs+438c3lfUow=="
    },
    "compute-scroll-into-view": {
      "version": "3.1.1",
      "resolved": "https://registry.npmmirror.com/compute-scroll-into-view/-/compute-scroll-into-view-3.1.1.tgz",
      "integrity": "sha512-VRhuHOLoKYOy4UbilLbUzbYg93XLjv2PncJC50EuTWPA3gaja1UjBsUP/D/9/juV3vQFr6XBEzn9KCAHdUvOHw=="
    },
    "copy-to-clipboard": {
      "version": "3.3.3",
      "resolved": "https://registry.npmmirror.com/copy-to-clipboard/-/copy-to-clipboard-3.3.3.tgz",
      "integrity": "sha512-2KV8NhB5JqC3ky0r9PMCAZKbUHSwtEo4CwCs0KXgruG43gX5PMqDEBbVU4OUzw2MuAWUfsuFmWvEKG5QRfSnJA==",
      "requires": {
        "toggle-selection": "^1.0.6"
      }
    },
    "csstype": {
      "version": "3.2.3",
      "resolved": "https://registry.npmmirror.com/csstype/-/csstype-3.2.3.tgz",
      "integrity": "sha512-z1HGKcYy2xA8AGQfwrn0PAy+PB7X/GSj3UVJW9qKyn43xWa+gl5nXmU4qqLMRzWVLFC8KusUX8T/0kCiOYpAIQ=="
    },
    "dayjs": {
      "version": "1.11.23",
      "resolved": "https://registry.npmmirror.com/dayjs/-/dayjs-1.11.23.tgz",
      "integrity": "sha512-QDTCU0M0MxR3hQfnlDJfwekQiaanm1ubOD231u73WBckQ/fsamwRLiE2GBz6D3a/xF1NgfiDLJjXBa1hYOYTtQ=="
    },
    "es-errors": {
      "version": "1.3.0",
      "resolved": "https://registry.npmmirror.com/es-errors/-/es-errors-1.3.0.tgz",
      "integrity": "sha512-Zf5H2Kxt2xjTvbJvP2ZWLEICxA6j+hAmMzIlypy4xcBg1vKVnx89Wy0GbS+kf5cwCVFFzdCFh2XSCFNULS6csw==",
      "dev": true
    },
    "esbuild": {
      "version": "0.14.54",
      "resolved": "https://registry.npmmirror.com/esbuild/-/esbuild-0.14.54.tgz",
      "integrity": "sha512-Cy9llcy8DvET5uznocPyqL3BFRrFXSVqbgpMJ9Wz8oVjZlh/zUSNbPRbov0VX7VxN2JH1Oa0uNxZ7eLRb62pJA==",
      "dev": true,
      "requires": {
        "@esbuild/linux-loong64": "0.14.54",
        "esbuild-android-64": "0.14.54",
        "esbuild-android-arm64": "0.14.54",
        "esbuild-darwin-64": "0.14.54",
        "esbuild-darwin-arm64": "0.14.54",
        "esbuild-freebsd-64": "0.14.54",
        "esbuild-freebsd-arm64": "0.14.54",
        "esbuild-linux-32": "0.14.54",
        "esbuild-linux-64": "0.14.54",
        "esbuild-linux-arm": "0.14.54",
        "esbuild-linux-arm64": "0.14.54",
        "esbuild-linux-mips64le": "0.14.54",
        "esbuild-linux-ppc64le": "0.14.54",
        "esbuild-linux-riscv64": "0.14.54",
        "esbuild-linux-s390x": "0.14.54",
        "esbuild-netbsd-64": "0.14.54",
        "esbuild-openbsd-64": "0.14.54",
        "esbuild-sunos-64": "0.14.54",
        "esbuild-windows-32": "0.14.54",
        "esbuild-windows-64": "0.14.54",
        "esbuild-windows-arm64": "0.14.54"
      }
    },
    "esbuild-android-64": {
      "version": "0.14.54",
      "resolved": "https://registry.npmmirror.com/esbuild-android-64/-/esbuild-android-64-0.14.54.tgz",
      "integrity": "sha512-Tz2++Aqqz0rJ7kYBfz+iqyE3QMycD4vk7LBRyWaAVFgFtQ/O8EJOnVmTOiDWYZ/uYzB4kvP+bqejYdVKzE5lAQ==",
      "dev": true,
      "optional": true
    },
    "esbuild-android-arm64": {
      "version": "0.14.54",
      "resolved": "https://registry.npmmirror.com/esbuild-android-arm64/-/esbuild-android-arm64-0.14.54.tgz",
      "integrity": "sha512-F9E+/QDi9sSkLaClO8SOV6etqPd+5DgJje1F9lOWoNncDdOBL2YF59IhsWATSt0TLZbYCf3pNlTHvVV5VfHdvg==",
      "dev": true,
      "optional": true
    },
    "esbuild-darwin-64": {
      "version": "0.14.54",
      "resolved": "https://registry.npmmirror.com/esbuild-darwin-64/-/esbuild-darwin-64-0.14.54.tgz",
      "integrity": "sha512-jtdKWV3nBviOd5v4hOpkVmpxsBy90CGzebpbO9beiqUYVMBtSc0AL9zGftFuBon7PNDcdvNCEuQqw2x0wP9yug==",
      "dev": true,
      "optional": true
    },
    "esbuild-darwin-arm64": {
      "version": "0.14.54",
      "resolved": "https://registry.npmmirror.com/esbuild-darwin-arm64/-/esbuild-darwin-arm64-0.14.54.tgz",
      "integrity": "sha512-OPafJHD2oUPyvJMrsCvDGkRrVCar5aVyHfWGQzY1dWnzErjrDuSETxwA2HSsyg2jORLY8yBfzc1MIpUkXlctmw==",
      "dev": true,
      "optional": true
    },
    "esbuild-freebsd-64": {
      "version": "0.14.54",
      "resolved": "https://registry.npmmirror.com/esbuild-freebsd-64/-/esbuild-freebsd-64-0.14.54.tgz",
      "integrity": "sha512-OKwd4gmwHqOTp4mOGZKe/XUlbDJ4Q9TjX0hMPIDBUWWu/kwhBAudJdBoxnjNf9ocIB6GN6CPowYpR/hRCbSYAg==",
      "dev": true,
      "optional": true
    },
    "esbuild-freebsd-arm64": {
      "version": "0.14.54",
      "resolved": "https://registry.npmmirror.com/esbuild-freebsd-arm64/-/esbuild-freebsd-arm64-0.14.54.tgz",
      "integrity": "sha512-sFwueGr7OvIFiQT6WeG0jRLjkjdqWWSrfbVwZp8iMP+8UHEHRBvlaxL6IuKNDwAozNUmbb8nIMXa7oAOARGs1Q==",
      "dev": true,
      "optional": true
    },
    "esbuild-linux-32": {
      "version": "0.14.54",
      "resolved": "https://registry.npmmirror.com/esbuild-linux-32/-/esbuild-linux-32-0.14.54.tgz",
      "integrity": "sha512-1ZuY+JDI//WmklKlBgJnglpUL1owm2OX+8E1syCD6UAxcMM/XoWd76OHSjl/0MR0LisSAXDqgjT3uJqT67O3qw==",
      "dev": true,
      "optional": true
    },
    "esbuild-linux-64": {
      "version": "0.14.54",
      "resolved": "https://registry.npmmirror.com/esbuild-linux-64/-/esbuild-linux-64-0.14.54.tgz",
      "integrity": "sha512-EgjAgH5HwTbtNsTqQOXWApBaPVdDn7XcK+/PtJwZLT1UmpLoznPd8c5CxqsH2dQK3j05YsB3L17T8vE7cp4cCg==",
      "dev": true,
      "optional": true
    },
    "esbuild-linux-arm": {
      "version": "0.14.54",
      "resolved": "https://registry.npmmirror.com/esbuild-linux-arm/-/esbuild-linux-arm-0.14.54.tgz",
      "integrity": "sha512-qqz/SjemQhVMTnvcLGoLOdFpCYbz4v4fUo+TfsWG+1aOu70/80RV6bgNpR2JCrppV2moUQkww+6bWxXRL9YMGw==",
      "dev": true,
      "optional": true
    },
    "esbuild-linux-arm64": {
      "version": "0.14.54",
      "resolved": "https://registry.npmmirror.com/esbuild-linux-arm64/-/esbuild-linux-arm64-0.14.54.tgz",
      "integrity": "sha512-WL71L+0Rwv+Gv/HTmxTEmpv0UgmxYa5ftZILVi2QmZBgX3q7+tDeOQNqGtdXSdsL8TQi1vIaVFHUPDe0O0kdig==",
      "dev": true,
      "optional": true
    },
    "esbuild-linux-mips64le": {
      "version": "0.14.54",
      "resolved": "https://registry.npmmirror.com/esbuild-linux-mips64le/-/esbuild-linux-mips64le-0.14.54.tgz",
      "integrity": "sha512-qTHGQB8D1etd0u1+sB6p0ikLKRVuCWhYQhAHRPkO+OF3I/iSlTKNNS0Lh2Oc0g0UFGguaFZZiPJdJey3AGpAlw==",
      "dev": true,
      "optional": true
    },
    "esbuild-linux-ppc64le": {
      "version": "0.14.54",
      "resolved": "https://registry.npmmirror.com/esbuild-linux-ppc64le/-/esbuild-linux-ppc64le-0.14.54.tgz",
      "integrity": "sha512-j3OMlzHiqwZBDPRCDFKcx595XVfOfOnv68Ax3U4UKZ3MTYQB5Yz3X1mn5GnodEVYzhtZgxEBidLWeIs8FDSfrQ==",
      "dev": true,
      "optional": true
    },
    "esbuild-linux-riscv64": {
      "version": "0.14.54",
      "resolved": "https://registry.npmmirror.com/esbuild-linux-riscv64/-/esbuild-linux-riscv64-0.14.54.tgz",
      "integrity": "sha512-y7Vt7Wl9dkOGZjxQZnDAqqn+XOqFD7IMWiewY5SPlNlzMX39ocPQlOaoxvT4FllA5viyV26/QzHtvTjVNOxHZg==",
      "dev": true,
      "optional": true
    },
    "esbuild-linux-s390x": {
      "version": "0.14.54",
      "resolved": "https://registry.npmmirror.com/esbuild-linux-s390x/-/esbuild-linux-s390x-0.14.54.tgz",
      "integrity": "sha512-zaHpW9dziAsi7lRcyV4r8dhfG1qBidQWUXweUjnw+lliChJqQr+6XD71K41oEIC3Mx1KStovEmlzm+MkGZHnHA==",
      "dev": true,
      "optional": true
    },
    "esbuild-netbsd-64": {
      "version": "0.14.54",
      "resolved": "https://registry.npmmirror.com/esbuild-netbsd-64/-/esbuild-netbsd-64-0.14.54.tgz",
      "integrity": "sha512-PR01lmIMnfJTgeU9VJTDY9ZerDWVFIUzAtJuDHwwceppW7cQWjBBqP48NdeRtoP04/AtO9a7w3viI+PIDr6d+w==",
      "dev": true,
      "optional": true
    },
    "esbuild-openbsd-64": {
      "version": "0.14.54",
      "resolved": "https://registry.npmmirror.com/esbuild-openbsd-64/-/esbuild-openbsd-64-0.14.54.tgz",
      "integrity": "sha512-Qyk7ikT2o7Wu76UsvvDS5q0amJvmRzDyVlL0qf5VLsLchjCa1+IAvd8kTBgUxD7VBUUVgItLkk609ZHUc1oCaw==",
      "dev": true,
      "optional": true
    },
    "esbuild-sunos-64": {
      "version": "0.14.54",
      "resolved": "https://registry.npmmirror.com/esbuild-sunos-64/-/esbuild-sunos-64-0.14.54.tgz",
      "integrity": "sha512-28GZ24KmMSeKi5ueWzMcco6EBHStL3B6ubM7M51RmPwXQGLe0teBGJocmWhgwccA1GeFXqxzILIxXpHbl9Q/Kw==",
      "dev": true,
      "optional": true
    },
    "esbuild-windows-32": {
      "version": "0.14.54",
      "resolved": "https://registry.npmmirror.com/esbuild-windows-32/-/esbuild-windows-32-0.14.54.tgz",
      "integrity": "sha512-T+rdZW19ql9MjS7pixmZYVObd9G7kcaZo+sETqNH4RCkuuYSuv9AGHUVnPoP9hhuE1WM1ZimHz1CIBHBboLU7w==",
      "dev": true,
      "optional": true
    },
    "esbuild-windows-64": {
      "version": "0.14.54",
      "resolved": "https://registry.npmmirror.com/esbuild-windows-64/-/esbuild-windows-64-0.14.54.tgz",
      "integrity": "sha512-AoHTRBUuYwXtZhjXZbA1pGfTo8cJo3vZIcWGLiUcTNgHpJJMC1rVA44ZereBHMJtotyN71S8Qw0npiCIkW96cQ==",
      "dev": true,
      "optional": true
    },
    "esbuild-windows-arm64": {
      "version": "0.14.54",
      "resolved": "https://registry.npmmirror.com/esbuild-windows-arm64/-/esbuild-windows-arm64-0.14.54.tgz",
      "integrity": "sha512-M0kuUvXhot1zOISQGXwWn6YtS+Y/1RT9WrVIOywZnJHo3jCDyewAc79aKNQWFCQm+xNHVTq9h8dZKvygoXQQRg==",
      "dev": true,
      "optional": true
    },
    "fsevents": {
      "version": "2.3.3",
      "resolved": "https://registry.npmmirror.com/fsevents/-/fsevents-2.3.3.tgz",
      "integrity": "sha512-5xoDfX+fL7faATnagmWPpbFtwh/R77WmMMqqHGS65C3vvB0YHrgF+B1YmZ3441tMj5n63k0212XNoJwzlhffQw==",
      "dev": true,
      "optional": true
    },
    "function-bind": {
      "version": "1.1.2",
      "resolved": "https://registry.npmmirror.com/function-bind/-/function-bind-1.1.2.tgz",
      "integrity": "sha512-7XHNxH7qX9xG5mIwxkhumTox/MIRNcOgDrxWsMt2pAr23WHp6MrRlN7FBSFpCpr+oVO0F744iUgR82nJMfG2SA==",
      "dev": true
    },
    "hasown": {
      "version": "2.0.4",
      "resolved": "https://registry.npmmirror.com/hasown/-/hasown-2.0.4.tgz",
      "integrity": "sha512-T2UbfbBEF32wiepXIsMlTW9+dDYC6wMh/t/vYA4tuOMKqWz/n3vr1NFSxQiyP+zk2mXsoMA/i/7qV6LKut1t1A==",
      "dev": true,
      "requires": {
        "function-bind": "^1.1.2"
      }
    },
    "is-core-module": {
      "version": "2.16.2",
      "resolved": "https://registry.npmmirror.com/is-core-module/-/is-core-module-2.16.2.tgz",
      "integrity": "sha512-evOr8xfXKxE6qSR0hSXL2r3sd7ALj8+7jQEUvPYcm5sgZFdJ+AYzT6yNmJenvIYQBgIGwfwz08sL8zoL7yq2BA==",
      "dev": true,
      "requires": {
        "hasown": "^2.0.3"
      }
    },
    "js-tokens": {
      "version": "4.0.0",
      "resolved": "https://registry.npmmirror.com/js-tokens/-/js-tokens-4.0.0.tgz",
      "integrity": "sha512-RdJUflcE3cUzKiMqQgsCu06FPu9UdIJO0beYbPhHN4k6apgJtifcoCtT9bcxOpYBtpD2kCM6Sbzg4CausW/PKQ=="
    },
    "json2mq": {
      "version": "0.2.0",
      "resolved": "https://registry.npmmirror.com/json2mq/-/json2mq-0.2.0.tgz",
      "integrity": "sha512-SzoRg7ux5DWTII9J2qkrZrqV1gt+rTaoufMxEzXbS26Uid0NwaJd123HcoB80TgubEppxxIGdNxCx50fEoEWQA==",
      "requires": {
        "string-convert": "^0.2.0"
      }
    },
    "loose-envify": {
      "version": "1.4.0",
      "resolved": "https://registry.npmmirror.com/loose-envify/-/loose-envify-1.4.0.tgz",
      "integrity": "sha512-lyuxPGr/Wfhrlem2CL/UcnUc1zcqKAImBDzukY7Y5F/yQiNdko6+fRLevlw1HgMySw7f611UIY408EtxRSoK3Q==",
      "requires": {
        "js-tokens": "^3.0.0 || ^4.0.0"
      }
    },
    "nanoid": {
      "version": "3.3.18",
      "resolved": "https://registry.npmmirror.com/nanoid/-/nanoid-3.3.18.tgz",
      "integrity": "sha512-DTg4MJbGMWkfi6VZFdNt2/caMbQy4Ou+Op/hJQvGEWcnVfoA1QA+xzRKAzw9jD6+GVOOeYr/mIcuDSdug6F6+w==",
      "dev": true
    },
    "path-parse": {
      "version": "1.0.7",
      "resolved": "https://registry.npmmirror.com/path-parse/-/path-parse-1.0.7.tgz",
      "integrity": "sha512-LDJzPVEEEPR+y48z93A0Ed0yXb8pAByGWo/k5YYdYgpY2/2EsOsksJrq7lOHxryrVOn1ejG6oAp8ahvOIQD8sw==",
      "dev": true
    },
    "picocolors": {
      "version": "1.1.1",
      "resolved": "https://registry.npmmirror.com/picocolors/-/picocolors-1.1.1.tgz",
      "integrity": "sha512-xceH2snhtb5M9liqDsmEw56le376mTZkEX/jEb/RxNFyegNul7eNslCXP9FDj/Lcu0X8KEyMceP2ntpaHrDEVA==",
      "dev": true
    },
    "postcss": {
      "version": "8.5.26",
      "resolved": "https://registry.npmmirror.com/postcss/-/postcss-8.5.26.tgz",
      "integrity": "sha512-u82N74LFzG8ca+dD8puPnplTXoGH4fTPpVGuIbt36G3qvNlkvfD0lEAZSxaly3KX8TS/L1A1gsCEmvKmBcVbkQ==",
      "dev": true,
      "requires": {
        "nanoid": "^3.3.17",
        "picocolors": "^1.1.1",
        "source-map-js": "^1.2.1"
      }
    },
    "rc-cascader": {
      "version": "3.34.0",
      "resolved": "https://registry.npmmirror.com/rc-cascader/-/rc-cascader-3.34.0.tgz",
      "integrity": "sha512-KpXypcvju9ptjW9FaN2NFcA2QH9E9LHKq169Y0eWtH4e/wHQ5Wh5qZakAgvb8EKZ736WZ3B0zLLOBsrsja5Dag==",
      "requires": {
        "@babel/runtime": "^7.25.7",
        "classnames": "^2.3.1",
        "rc-select": "~14.16.2",
        "rc-tree": "~5.13.0",
        "rc-util": "^5.43.0"
      }
    },
    "rc-checkbox": {
      "version": "3.5.0",
      "resolved": "https://registry.npmmirror.com/rc-checkbox/-/rc-checkbox-3.5.0.tgz",
      "integrity": "sha512-aOAQc3E98HteIIsSqm6Xk2FPKIER6+5vyEFMZfo73TqM+VVAIqOkHoPjgKLqSNtVLWScoaM7vY2ZrGEheI79yg==",
      "requires": {
        "@babel/runtime": "^7.10.1",
        "classnames": "^2.3.2",
        "rc-util": "^5.25.2"
      }
    },
    "rc-collapse": {
      "version": "3.9.0",
      "resolved": "https://registry.npmmirror.com/rc-collapse/-/rc-collapse-3.9.0.tgz",
      "integrity": "sha512-swDdz4QZ4dFTo4RAUMLL50qP0EY62N2kvmk2We5xYdRwcRn8WcYtuetCJpwpaCbUfUt5+huLpVxhvmnK+PHrkA==",
      "requires": {
        "@babel/runtime": "^7.10.1",
        "classnames": "2.x",
        "rc-motion": "^2.3.4",
        "rc-util": "^5.27.0"
      }
    },
    "rc-dialog": {
      "version": "9.6.0",
      "resolved": "https://registry.npmmirror.com/rc-dialog/-/rc-dialog-9.6.0.tgz",
      "integrity": "sha512-ApoVi9Z8PaCQg6FsUzS8yvBEQy0ZL2PkuvAgrmohPkN3okps5WZ5WQWPc1RNuiOKaAYv8B97ACdsFU5LizzCqg==",
      "requires": {
        "@babel/runtime": "^7.10.1",
        "@rc-component/portal": "^1.0.0-8",
        "classnames": "^2.2.6",
        "rc-motion": "^2.3.0",
        "rc-util": "^5.21.0"
      }
    },
    "rc-drawer": {
      "version": "7.3.0",
      "resolved": "https://registry.npmmirror.com/rc-drawer/-/rc-drawer-7.3.0.tgz",
      "integrity": "sha512-DX6CIgiBWNpJIMGFO8BAISFkxiuKitoizooj4BDyee8/SnBn0zwO2FHrNDpqqepj0E/TFTDpmEBCyFuTgC7MOg==",
      "requires": {
        "@babel/runtime": "^7.23.9",
        "@rc-component/portal": "^1.1.1",
        "classnames": "^2.2.6",
        "rc-motion": "^2.6.1",
        "rc-util": "^5.38.1"
      }
    },
    "rc-dropdown": {
      "version": "4.2.1",
      "resolved": "https://registry.npmmirror.com/rc-dropdown/-/rc-dropdown-4.2.1.tgz",
      "integrity": "sha512-YDAlXsPv3I1n42dv1JpdM7wJ+gSUBfeyPK59ZpBD9jQhK9jVuxpjj3NmWQHOBceA1zEPVX84T2wbdb2SD0UjmA==",
      "requires": {
        "@babel/runtime": "^7.18.3",
        "@rc-component/trigger": "^2.0.0",
        "classnames": "^2.2.6",
        "rc-util": "^5.44.1"
      }
    },
    "rc-field-form": {
      "version": "2.7.1",
      "resolved": "https://registry.npmmirror.com/rc-field-form/-/rc-field-form-2.7.1.tgz",
      "integrity": "sha512-vKeSifSJ6HoLaAB+B8aq/Qgm8a3dyxROzCtKNCsBQgiverpc4kWDQihoUwzUj+zNWJOykwSY4dNX3QrGwtVb9A==",
      "requires": {
        "@babel/runtime": "^7.18.0",
        "@rc-component/async-validator": "^5.0.3",
        "rc-util": "^5.32.2"
      }
    },
    "rc-image": {
      "version": "7.12.0",
      "resolved": "https://registry.npmmirror.com/rc-image/-/rc-image-7.12.0.tgz",
      "integrity": "sha512-cZ3HTyyckPnNnUb9/DRqduqzLfrQRyi+CdHjdqgsyDpI3Ln5UX1kXnAhPBSJj9pVRzwRFgqkN7p9b6HBDjmu/Q==",
      "requires": {
        "@babel/runtime": "^7.11.2",
        "@rc-component/portal": "^1.0.2",
        "classnames": "^2.2.6",
        "rc-dialog": "~9.6.0",
        "rc-motion": "^2.6.2",
        "rc-util": "^5.34.1"
      }
    },
    "rc-input": {
      "version": "1.8.0",
      "resolved": "https://registry.npmmirror.com/rc-input/-/rc-input-1.8.0.tgz",
      "integrity": "sha512-KXvaTbX+7ha8a/k+eg6SYRVERK0NddX8QX7a7AnRvUa/rEH0CNMlpcBzBkhI0wp2C8C4HlMoYl8TImSN+fuHKA==",
      "requires": {
        "@babel/runtime": "^7.11.1",
        "classnames": "^2.2.1",
        "rc-util": "^5.18.1"
      }
    },
    "rc-input-number": {
      "version": "9.5.0",
      "resolved": "https://registry.npmmirror.com/rc-input-number/-/rc-input-number-9.5.0.tgz",
      "integrity": "sha512-bKaEvB5tHebUURAEXw35LDcnRZLq3x1k7GxfAqBMzmpHkDGzjAtnUL8y4y5N15rIFIg5IJgwr211jInl3cipag==",
      "requires": {
        "@babel/runtime": "^7.10.1",
        "@rc-component/mini-decimal": "^1.0.1",
        "classnames": "^2.2.5",
        "rc-input": "~1.8.0",
        "rc-util": "^5.40.1"
      }
    },
    "rc-mentions": {
      "version": "2.20.0",
      "resolved": "https://registry.npmmirror.com/rc-mentions/-/rc-mentions-2.20.0.tgz",
      "integrity": "sha512-w8HCMZEh3f0nR8ZEd466ATqmXFCMGMN5UFCzEUL0bM/nGw/wOS2GgRzKBcm19K++jDyuWCOJOdgcKGXU3fXfbQ==",
      "requires": {
        "@babel/runtime": "^7.22.5",
        "@rc-component/trigger": "^2.0.0",
        "classnames": "^2.2.6",
        "rc-input": "~1.8.0",
        "rc-menu": "~9.16.0",
        "rc-textarea": "~1.10.0",
        "rc-util": "^5.34.1"
      }
    },
    "rc-menu": {
      "version": "9.16.1",
      "resolved": "https://registry.npmmirror.com/rc-menu/-/rc-menu-9.16.1.tgz",
      "integrity": "sha512-ghHx6/6Dvp+fw8CJhDUHFHDJ84hJE3BXNCzSgLdmNiFErWSOaZNsihDAsKq9ByTALo/xkNIwtDFGIl6r+RPXBg==",
      "requires": {
        "@babel/runtime": "^7.10.1",
        "@rc-component/trigger": "^2.0.0",
        "classnames": "2.x",
        "rc-motion": "^2.4.3",
        "rc-overflow": "^1.3.1",
        "rc-util": "^5.27.0"
      }
    },
    "rc-motion": {
      "version": "2.9.5",
      "resolved": "https://registry.npmmirror.com/rc-motion/-/rc-motion-2.9.5.tgz",
      "integrity": "sha512-w+XTUrfh7ArbYEd2582uDrEhmBHwK1ZENJiSJVb7uRxdE7qJSYjbO2eksRXmndqyKqKoYPc9ClpPh5242mV1vA==",
      "requires": {
        "@babel/runtime": "^7.11.1",
        "classnames": "^2.2.1",
        "rc-util": "^5.44.0"
      }
    },
    "rc-notification": {
      "version": "5.6.4",
      "resolved": "https://registry.npmmirror.com/rc-notification/-/rc-notification-5.6.4.tgz",
      "integrity": "sha512-KcS4O6B4qzM3KH7lkwOB7ooLPZ4b6J+VMmQgT51VZCeEcmghdeR4IrMcFq0LG+RPdnbe/ArT086tGM8Snimgiw==",
      "requires": {
        "@babel/runtime": "^7.10.1",
        "classnames": "2.x",
        "rc-motion": "^2.9.0",
        "rc-util": "^5.20.1"
      }
    },
    "rc-overflow": {
      "version": "1.5.0",
      "resolved": "https://registry.npmmirror.com/rc-overflow/-/rc-overflow-1.5.0.tgz",
      "integrity": "sha512-Lm/v9h0LymeUYJf0x39OveU52InkdRXqnn2aYXfWmo8WdOonIKB2kfau+GF0fWq6jPgtdO9yMqveGcK6aIhJmg==",
      "requires": {
        "@babel/runtime": "^7.11.1",
        "classnames": "^2.2.1",
        "rc-resize-observer": "^1.0.0",
        "rc-util": "^5.37.0"
      }
    },
    "rc-pagination": {
      "version": "5.1.0",
      "resolved": "https://registry.npmmirror.com/rc-pagination/-/rc-pagination-5.1.0.tgz",
      "integrity": "sha512-8416Yip/+eclTFdHXLKTxZvn70duYVGTvUUWbckCCZoIl3jagqke3GLsFrMs0bsQBikiYpZLD9206Ej4SOdOXQ==",
      "requires": {
        "@babel/runtime": "^7.10.1",
        "classnames": "^2.3.2",
        "rc-util": "^5.38.0"
      }
    },
    "rc-picker": {
      "version": "4.11.3",
      "resolved": "https://registry.npmmirror.com/rc-picker/-/rc-picker-4.11.3.tgz",
      "integrity": "sha512-MJ5teb7FlNE0NFHTncxXQ62Y5lytq6sh5nUw0iH8OkHL/TjARSEvSHpr940pWgjGANpjCwyMdvsEV55l5tYNSg==",
      "requires": {
        "@babel/runtime": "^7.24.7",
        "@rc-component/trigger": "^2.0.0",
        "classnames": "^2.2.1",
        "rc-overflow": "^1.3.2",
        "rc-resize-observer": "^1.4.0",
        "rc-util": "^5.43.0"
      }
    },
    "rc-progress": {
      "version": "4.0.0",
      "resolved": "https://registry.npmmirror.com/rc-progress/-/rc-progress-4.0.0.tgz",
      "integrity": "sha512-oofVMMafOCokIUIBnZLNcOZFsABaUw8PPrf1/y0ZBvKZNpOiu5h4AO9vv11Sw0p4Hb3D0yGWuEattcQGtNJ/aw==",
      "requires": {
        "@babel/runtime": "^7.10.1",
        "classnames": "^2.2.6",
        "rc-util": "^5.16.1"
      }
    },
    "rc-rate": {
      "version": "2.13.1",
      "resolved": "https://registry.npmmirror.com/rc-rate/-/rc-rate-2.13.1.tgz",
      "integrity": "sha512-QUhQ9ivQ8Gy7mtMZPAjLbxBt5y9GRp65VcUyGUMF3N3fhiftivPHdpuDIaWIMOTEprAjZPC08bls1dQB+I1F2Q==",
      "requires": {
        "@babel/runtime": "^7.10.1",
        "classnames": "^2.2.5",
        "rc-util": "^5.0.1"
      }
    },
    "rc-resize-observer": {
      "version": "1.4.3",
      "resolved": "https://registry.npmmirror.com/rc-resize-observer/-/rc-resize-observer-1.4.3.tgz",
      "integrity": "sha512-YZLjUbyIWox8E9i9C3Tm7ia+W7euPItNWSPX5sCcQTYbnwDb5uNpnLHQCG1f22oZWUhLw4Mv2tFmeWe68CDQRQ==",
      "requires": {
        "@babel/runtime": "^7.20.7",
        "classnames": "^2.2.1",
        "rc-util": "^5.44.1",
        "resize-observer-polyfill": "^1.5.1"
      }
    },
    "rc-segmented": {
      "version": "2.7.1",
      "resolved": "https://registry.npmmirror.com/rc-segmented/-/rc-segmented-2.7.1.tgz",
      "integrity": "sha512-izj1Nw/Dw2Vb7EVr+D/E9lUTkBe+kKC+SAFSU9zqr7WV2W5Ktaa9Gc7cB2jTqgk8GROJayltaec+DBlYKc6d+g==",
      "requires": {
        "@babel/runtime": "^7.11.1",
        "classnames": "^2.2.1",
        "rc-motion": "^2.4.4",
        "rc-util": "^5.17.0"
      }
    },
    "rc-select": {
      "version": "14.16.8",
      "resolved": "https://registry.npmmirror.com/rc-select/-/rc-select-14.16.8.tgz",
      "integrity": "sha512-NOV5BZa1wZrsdkKaiK7LHRuo5ZjZYMDxPP6/1+09+FB4KoNi8jcG1ZqLE3AVCxEsYMBe65OBx71wFoHRTP3LRg==",
      "requires": {
        "@babel/runtime": "^7.10.1",
        "@rc-component/trigger": "^2.1.1",
        "classnames": "2.x",
        "rc-motion": "^2.0.1",
        "rc-overflow": "^1.3.1",
        "rc-util": "^5.16.1",
        "rc-virtual-list": "^3.5.2"
      }
    },
    "rc-slider": {
      "version": "11.1.9",
      "resolved": "https://registry.npmmirror.com/rc-slider/-/rc-slider-11.1.9.tgz",
      "integrity": "sha512-h8IknhzSh3FEM9u8ivkskh+Ef4Yo4JRIY2nj7MrH6GQmrwV6mcpJf5/4KgH5JaVI1H3E52yCdpOlVyGZIeph5A==",
      "requires": {
        "@babel/runtime": "^7.10.1",
        "classnames": "^2.2.5",
        "rc-util": "^5.36.0"
      }
    },
    "rc-steps": {
      "version": "6.0.1",
      "resolved": "https://registry.npmmirror.com/rc-steps/-/rc-steps-6.0.1.tgz",
      "integrity": "sha512-lKHL+Sny0SeHkQKKDJlAjV5oZ8DwCdS2hFhAkIjuQt1/pB81M0cA0ErVFdHq9+jmPmFw1vJB2F5NBzFXLJxV+g==",
      "requires": {
        "@babel/runtime": "^7.16.7",
        "classnames": "^2.2.3",
        "rc-util": "^5.16.1"
      }
    },
    "rc-switch": {
      "version": "4.1.0",
      "resolved": "https://registry.npmmirror.com/rc-switch/-/rc-switch-4.1.0.tgz",
      "integrity": "sha512-TI8ufP2Az9oEbvyCeVE4+90PDSljGyuwix3fV58p7HV2o4wBnVToEyomJRVyTaZeqNPAp+vqeo4Wnj5u0ZZQBg==",
      "requires": {
        "@babel/runtime": "^7.21.0",
        "classnames": "^2.2.1",
        "rc-util": "^5.30.0"
      }
    },
    "rc-table": {
      "version": "7.52.7",
      "resolved": "https://registry.npmmirror.com/rc-table/-/rc-table-7.52.7.tgz",
      "integrity": "sha512-yuZfnTpuHwRa4JH+F28wQfGeDzqtgIDvLBBJk5sFncXQjTExhtBNc6dPfVo5pL5SjabJEoejefs6wsrAKfhDoQ==",
      "requires": {
        "@babel/runtime": "^7.10.1",
        "@rc-component/context": "^1.4.0",
        "classnames": "^2.2.5",
        "rc-resize-observer": "^1.1.0",
        "rc-util": "^5.44.3",
        "rc-virtual-list": "^3.14.2"
      }
    },
    "rc-tabs": {
      "version": "15.7.0",
      "resolved": "https://registry.npmmirror.com/rc-tabs/-/rc-tabs-15.7.0.tgz",
      "integrity": "sha512-ZepiE+6fmozYdWf/9gVp7k56PKHB1YYoDsKeQA1CBlJ/POIhjkcYiv0AGP0w2Jhzftd3AVvZP/K+V+Lpi2ankA==",
      "requires": {
        "@babel/runtime": "^7.11.2",
        "classnames": "2.x",
        "rc-dropdown": "~4.2.0",
        "rc-menu": "~9.16.0",
        "rc-motion": "^2.6.2",
        "rc-resize-observer": "^1.0.0",
        "rc-util": "^5.34.1"
      }
    },
    "rc-textarea": {
      "version": "1.10.2",
      "resolved": "https://registry.npmmirror.com/rc-textarea/-/rc-textarea-1.10.2.tgz",
      "integrity": "sha512-HfaeXiaSlpiSp0I/pvWpecFEHpVysZ9tpDLNkxQbMvMz6gsr7aVZ7FpWP9kt4t7DB+jJXesYS0us1uPZnlRnwQ==",
      "requires": {
        "@babel/runtime": "^7.10.1",
        "classnames": "^2.2.1",
        "rc-input": "~1.8.0",
        "rc-resize-observer": "^1.0.0",
        "rc-util": "^5.27.0"
      }
    },
    "rc-tooltip": {
      "version": "6.4.0",
      "resolved": "https://registry.npmmirror.com/rc-tooltip/-/rc-tooltip-6.4.0.tgz",
      "integrity": "sha512-kqyivim5cp8I5RkHmpsp1Nn/Wk+1oeloMv9c7LXNgDxUpGm+RbXJGL+OPvDlcRnx9DBeOe4wyOIl4OKUERyH1g==",
      "requires": {
        "@babel/runtime": "^7.11.2",
        "@rc-component/trigger": "^2.0.0",
        "classnames": "^2.3.1",
        "rc-util": "^5.44.3"
      }
    },
    "rc-tree": {
      "version": "5.13.1",
      "resolved": "https://registry.npmmirror.com/rc-tree/-/rc-tree-5.13.1.tgz",
      "integrity": "sha512-FNhIefhftobCdUJshO7M8uZTA9F4OPGVXqGfZkkD/5soDeOhwO06T/aKTrg0WD8gRg/pyfq+ql3aMymLHCTC4A==",
      "requires": {
        "@babel/runtime": "^7.10.1",
        "classnames": "2.x",
        "rc-motion": "^2.0.1",
        "rc-util": "^5.16.1",
        "rc-virtual-list": "^3.5.1"
      }
    },
    "rc-tree-select": {
      "version": "5.27.0",
      "resolved": "https://registry.npmmirror.com/rc-tree-select/-/rc-tree-select-5.27.0.tgz",
      "integrity": "sha512-2qTBTzwIT7LRI1o7zLyrCzmo5tQanmyGbSaGTIf7sYimCklAToVVfpMC6OAldSKolcnjorBYPNSKQqJmN3TCww==",
      "requires": {
        "@babel/runtime": "^7.25.7",
        "classnames": "2.x",
        "rc-select": "~14.16.2",
        "rc-tree": "~5.13.0",
        "rc-util": "^5.43.0"
      }
    },
    "rc-upload": {
      "version": "4.9.2",
      "resolved": "https://registry.npmmirror.com/rc-upload/-/rc-upload-4.9.2.tgz",
      "integrity": "sha512-nHx+9rbd1FKMiMRYsqQ3NkXUv7COHPBo3X1Obwq9SWS6/diF/A0aJ5OHubvwUAIDs+4RMleljV0pcrNUc823GQ==",
      "requires": {
        "@babel/runtime": "^7.18.3",
        "classnames": "^2.2.5",
        "rc-util": "^5.2.0"
      }
    },
    "rc-util": {
      "version": "5.44.4",
      "resolved": "https://registry.npmmirror.com/rc-util/-/rc-util-5.44.4.tgz",
      "integrity": "sha512-resueRJzmHG9Q6rI/DfK6Kdv9/Lfls05vzMs1Sk3M2P+3cJa+MakaZyWY8IPfehVuhPJFKrIY1IK4GqbiaiY5w==",
      "requires": {
        "@babel/runtime": "^7.18.3",
        "react-is": "^18.2.0"
      }
    },
    "rc-virtual-list": {
      "version": "3.19.2",
      "resolved": "https://registry.npmmirror.com/rc-virtual-list/-/rc-virtual-list-3.19.2.tgz",
      "integrity": "sha512-Ys6NcjwGkuwkeaWBDqfI3xWuZ7rDiQXlH1o2zLfFzATfEgXcqpk8CkgMfbJD81McqjcJVez25a3kPxCR807evA==",
      "requires": {
        "@babel/runtime": "^7.20.0",
        "classnames": "^2.2.6",
        "rc-resize-observer": "^1.0.0",
        "rc-util": "^5.36.0"
      }
    },
    "react": {
      "version": "18.3.1",
      "resolved": "https://registry.npmmirror.com/react/-/react-18.3.1.tgz",
      "integrity": "sha512-wS+hAgJShR0KhEvPJArfuPVN1+Hz1t0Y6n5jLrGQbkb4urgPE/0Rve+1kMB1v/oWgHgm4WIcV+i7F2pTVj+2iQ==",
      "requires": {
        "loose-envify": "^1.1.0"
      }
    },
    "react-dom": {
      "version": "18.3.1",
      "resolved": "https://registry.npmmirror.com/react-dom/-/react-dom-18.3.1.tgz",
      "integrity": "sha512-5m4nQKp+rZRb09LNH59GM4BxTh9251/ylbKIbpe7TpGxfJ+9kv6BLkLBXIjjspbgbnIBNqlI23tRnTWT0snUIw==",
      "requires": {
        "loose-envify": "^1.1.0",
        "scheduler": "^0.23.2"
      }
    },
    "react-is": {
      "version": "18.3.1",
      "resolved": "https://registry.npmmirror.com/react-is/-/react-is-18.3.1.tgz",
      "integrity": "sha512-/LLMVyas0ljjAtoYiPqYiL8VWXzUUdThrmU5+n20DZv+a+ClRoevUzw5JxU+Ieh5/c87ytoTBV9G1FiKfNJdmg=="
    },
    "resize-observer-polyfill": {
      "version": "1.5.1",
      "resolved": "https://registry.npmmirror.com/resize-observer-polyfill/-/resize-observer-polyfill-1.5.1.tgz",
      "integrity": "sha512-LwZrotdHOo12nQuZlHEmtuXdqGoOD0OhaxopaNFxWzInpEgaLWoVuAMbTzixuosCx2nEG58ngzW3vxdWoxIgdg=="
    },
    "resolve": {
      "version": "1.22.12",
      "resolved": "https://registry.npmmirror.com/resolve/-/resolve-1.22.12.tgz",
      "integrity": "sha512-TyeJ1zif53BPfHootBGwPRYT1RUt6oGWsaQr8UyZW/eAm9bKoijtvruSDEmZHm92CwS9nj7/fWttqPCgzep8CA==",
      "dev": true,
      "requires": {
        "es-errors": "^1.3.0",
        "is-core-module": "^2.16.1",
        "path-parse": "^1.0.7",
        "supports-preserve-symlinks-flag": "^1.0.0"
      }
    },
    "rollup": {
      "version": "2.77.3",
      "resolved": "https://registry.npmmirror.com/rollup/-/rollup-2.77.3.tgz",
      "integrity": "sha512-/qxNTG7FbmefJWoeeYJFbHehJ2HNWnjkAFRKzWN/45eNBBF/r8lo992CwcJXEzyVxs5FmfId+vTSTQDb+bxA+g==",
      "dev": true,
      "requires": {
        "fsevents": "~2.3.2"
      }
    },
    "scheduler": {
      "version": "0.23.2",
      "resolved": "https://registry.npmmirror.com/scheduler/-/scheduler-0.23.2.tgz",
      "integrity": "sha512-UOShsPwz7NrMUqhR6t0hWjFduvOzbtv7toDH1/hIrfRNIDBnnBWd0CwJTGvTpngVlmwGCdP9/Zl/tVrDqcuYzQ==",
      "requires": {
        "loose-envify": "^1.1.0"
      }
    },
    "scroll-into-view-if-needed": {
      "version": "3.1.0",
      "resolved": "https://registry.npmmirror.com/scroll-into-view-if-needed/-/scroll-into-view-if-needed-3.1.0.tgz",
      "integrity": "sha512-49oNpRjWRvnU8NyGVmUaYG4jtTkNonFZI86MmGRDqBphEK2EXT9gdEUoQPZhuBM8yWHxCWbobltqYO5M4XrUvQ==",
      "requires": {
        "compute-scroll-into-view": "^3.0.2"
      }
    },
    "source-map-js": {
      "version": "1.2.1",
      "resolved": "https://registry.npmmirror.com/source-map-js/-/source-map-js-1.2.1.tgz",
      "integrity": "sha512-UXWMKhLOwVKb728IUtQPXxfYU+usdybtUrK/8uGE8CQMvrhOpwvzDBwj0QhSL7MQc7vIsISBG8VQ8+IDQxpfQA==",
      "dev": true
    },
    "string-convert": {
      "version": "0.2.1",
      "resolved": "https://registry.npmmirror.com/string-convert/-/string-convert-0.2.1.tgz",
      "integrity": "sha512-u/1tdPl4yQnPBjnVrmdLo9gtuLvELKsAoRapekWggdiQNvvvum+jYF329d84NAa660KQw7pB2n36KrIKVoXa3A=="
    },
    "stylis": {
      "version": "4.4.0",
      "resolved": "https://registry.npmmirror.com/stylis/-/stylis-4.4.0.tgz",
      "integrity": "sha512-5Z9ZpRzfuH6l/UAvCPAPUo3665Nk2wLaZU3x+TLHKVzIz33+sbJqbtrYoC3KD4/uVOr2Zp+L0LySezP9OHV9yA=="
    },
    "supports-preserve-symlinks-flag": {
      "version": "1.0.0",
      "resolved": "https://registry.npmmirror.com/supports-preserve-symlinks-flag/-/supports-preserve-symlinks-flag-1.0.0.tgz",
      "integrity": "sha512-ot0WnXS9fgdkgIcePe6RHNk1WA8+muPa6cSjeR3V8K27q9BB1rTE3R1p7Hv0z1ZyAc8s6Vvv8DIyWf681MAt0w==",
      "dev": true
    },
    "throttle-debounce": {
      "version": "5.0.2",
      "resolved": "https://registry.npmmirror.com/throttle-debounce/-/throttle-debounce-5.0.2.tgz",
      "integrity": "sha512-B71/4oyj61iNH0KeCamLuE2rmKuTO5byTOSVwECM5FA7TiAiAW+UqTKZ9ERueC4qvgSttUhdmq1mXC3kJqGX7A=="
    },
    "toggle-selection": {
      "version": "1.0.6",
      "resolved": "https://registry.npmmirror.com/toggle-selection/-/toggle-selection-1.0.6.tgz",
      "integrity": "sha512-BiZS+C1OS8g/q2RRbJmy59xpyghNBqrr6k5L/uKBGRsTfxmu3ffiRnd8mlGPUVayg8pvfi5urfnu8TU7DVOkLQ=="
    },
    "typescript": {
      "version": "4.9.5",
      "resolved": "https://registry.npmmirror.com/typescript/-/typescript-4.9.5.tgz",
      "integrity": "sha512-1FXk9E2Hm+QzZQ7z+McJiHL4NW1F2EzMu9Nq9i3zAaGqibafqYwCVU6WyWAuyQRRzOlxou8xZSyXLEN8oKj24g==",
      "dev": true
    },
    "vite": {
      "version": "2.9.18",
      "resolved": "https://registry.npmmirror.com/vite/-/vite-2.9.18.tgz",
      "integrity": "sha512-sAOqI5wNM9QvSEE70W3UGMdT8cyEn0+PmJMTFvTB8wB0YbYUWw3gUbY62AOyrXosGieF2htmeLATvNxpv/zNyQ==",
      "dev": true,
      "requires": {
        "esbuild": "^0.14.27",
        "fsevents": "~2.3.2",
        "postcss": "^8.4.13",
        "resolve": "^1.22.0",
        "rollup": ">=2.59.0 <2.78.0"
      }
    }
  }
}
